
Microsoft Visual Studio Solution File, Format Version 12.00
# Visual Studio Version 16
VisualStudioVersion = 16.0.30223.230
MinimumVisualStudioVersion = 10.0.40219.1
Project("{9A19103F-16F7-4668-BE54-9A1E7A4F7556}") = "LinqBenchmarks", "LinqBenchmarks\LinqBenchmarks.csproj", "{7DC70D3E-35D0-480C-A081-3369EDD52BD4}"
EndProject
Project("{2150E333-8FDC-42A3-9474-1A3956D46DE8}") = "Solution Items", "Solution Items", "{48D32D52-CC5D-48AA-99F2-FDDC35D21FB9}"
	ProjectSection(SolutionItems) = preProject
		.gitignore = .gitignore
		LICENSE = LICENSE
		README.md = README.md
	EndProjectSection
EndProject
Global
	GlobalSection(SolutionConfigurationPlatforms) = preSolution
		Debug|Any CPU = Debug|Any CPU
		Release|Any CPU = Release|Any CPU
	EndGlobalSection
	GlobalSection(ProjectConfigurationPlatforms) = postSolution
		{7DC70D3E-35D0-480C-A081-3369EDD52BD4}.Debug|Any CPU.ActiveCfg = Debug|Any CPU
		{7DC70D3E-35D0-480C-A081-3369EDD52BD4}.Debug|Any CPU.Build.0 = Debug|Any CPU
		{7DC70D3E-35D0-480C-A081-3369EDD52BD4}.Release|Any CPU.ActiveCfg = Release|Any CPU
		{7DC70D3E-35D0-480C-A081-3369EDD52BD4}.Release|Any CPU.Build.0 = Release|Any CPU
	EndGlobalSection
	GlobalSection(SolutionProperties) = preSolution
		HideSolutionNode = FALSE
	EndGlobalSection
	GlobalSection(ExtensibilityGlobals) = postSolution
		SolutionGuid = {419929C9-2B41-4824-ACF9-5D7246282B47}
	EndGlobalSection
EndGlobal
