
Microsoft Visual Studio Solution File, Format Version 12.00
# Visual Studio Version 16
VisualStudioVersion = 16.0.28516.95
MinimumVisualStudioVersion = 10.0.40219.1
Project("{9A19103F-16F7-4668-BE54-9A1E7A4F7556}") = "NetFabric.Hyperlinq", "NetFabric.Hyperlinq\NetFabric.Hyperlinq.csproj", "{EEEAA31B-434E-4849-A3E5-FA9664F5CE9B}"
EndProject
Project("{9A19103F-16F7-4668-BE54-9A1E7A4F7556}") = "NetFabric.Hyperlinq.UnitTests", "NetFabric.Hyperlinq.UnitTests\NetFabric.Hyperlinq.UnitTests.csproj", "{FE0CFD9E-7685-4595-8691-5364228722E9}"
EndProject
Project("{9A19103F-16F7-4668-BE54-9A1E7A4F7556}") = "NetFabric.Hyperlinq.Benchmarks", "NetFabric.Hyperlinq.Benchmarks\NetFabric.Hyperlinq.Benchmarks.csproj", "{B2231C1C-CB99-4A6B-AE09-7B105BF02E9A}"
EndProject
Project("{2150E333-8FDC-42A3-9474-1A3956D46DE8}") = "Solution Items", "Solution Items", "{2C452DA5-FE07-451C-BFE1-AD14A57F7B09}"
	ProjectSection(SolutionItems) = preProject
		Directory.Build.props = Directory.Build.props
		Licenses\LICENSE.txt = Licenses\LICENSE.txt
		README.md = README.md
	EndProjectSection
EndProject
Project("{9A19103F-16F7-4668-BE54-9A1E7A4F7556}") = "NetFabric.Hyperlinq.TestCollections", "NetFabric.Hyperlinq.TestCollections\NetFabric.Hyperlinq.TestCollections.csproj", "{C4E41595-DD25-4A3F-BC83-26CBF5807D08}"
EndProject
Global
	GlobalSection(SolutionConfigurationPlatforms) = preSolution
		Debug|Any CPU = Debug|Any CPU
		Release|Any CPU = Release|Any CPU
	EndGlobalSection
	GlobalSection(ProjectConfigurationPlatforms) = postSolution
		{EEEAA31B-434E-4849-A3E5-FA9664F5CE9B}.Debug|Any CPU.ActiveCfg = Debug|Any CPU
		{EEEAA31B-434E-4849-A3E5-FA9664F5CE9B}.Debug|Any CPU.Build.0 = Debug|Any CPU
		{EEEAA31B-434E-4849-A3E5-FA9664F5CE9B}.Release|Any CPU.ActiveCfg = Release|Any CPU
		{EEEAA31B-434E-4849-A3E5-FA9664F5CE9B}.Release|Any CPU.Build.0 = Release|Any CPU
		{FE0CFD9E-7685-4595-8691-5364228722E9}.Debug|Any CPU.ActiveCfg = Debug|Any CPU
		{FE0CFD9E-7685-4595-8691-5364228722E9}.Debug|Any CPU.Build.0 = Debug|Any CPU
		{FE0CFD9E-7685-4595-8691-5364228722E9}.Release|Any CPU.ActiveCfg = Release|Any CPU
		{FE0CFD9E-7685-4595-8691-5364228722E9}.Release|Any CPU.Build.0 = Release|Any CPU
		{B2231C1C-CB99-4A6B-AE09-7B105BF02E9A}.Debug|Any CPU.ActiveCfg = Debug|Any CPU
		{B2231C1C-CB99-4A6B-AE09-7B105BF02E9A}.Debug|Any CPU.Build.0 = Debug|Any CPU
		{B2231C1C-CB99-4A6B-AE09-7B105BF02E9A}.Release|Any CPU.ActiveCfg = Release|Any CPU
		{B2231C1C-CB99-4A6B-AE09-7B105BF02E9A}.Release|Any CPU.Build.0 = Release|Any CPU
		{C4E41595-DD25-4A3F-BC83-26CBF5807D08}.Debug|Any CPU.ActiveCfg = Debug|Any CPU
		{C4E41595-DD25-4A3F-BC83-26CBF5807D08}.Debug|Any CPU.Build.0 = Debug|Any CPU
		{C4E41595-DD25-4A3F-BC83-26CBF5807D08}.Release|Any CPU.ActiveCfg = Release|Any CPU
		{C4E41595-DD25-4A3F-BC83-26CBF5807D08}.Release|Any CPU.Build.0 = Release|Any CPU
	EndGlobalSection
	GlobalSection(SolutionProperties) = preSolution
		HideSolutionNode = FALSE
	EndGlobalSection
	GlobalSection(ExtensibilityGlobals) = postSolution
		SolutionGuid = {0280BEC6-1172-4A45-B776-9ACBFDA7E86A}
	EndGlobalSection
EndGlobal
